
Microsoft Visual Studio Solution File, Format Version 12.00
Project("{FAE04EC0-301F-11D3-BF4B-00C04F79EFBC}") = "Grades", "Grades\Grades.csproj", "{CBC37C57-B8D9-49AC-999E-553B2DE2D58A}"
EndProject
Global
	GlobalSection(SolutionConfigurationPlatforms) = preSolution
		Debug|Any CPU = Debug|Any CPU
		Release|Any CPU = Release|Any CPU
	EndGlobalSection
	GlobalSection(ProjectConfigurationPlatforms) = postSolution
		{CBC37C57-B8D9-49AC-999E-553B2DE2D58A}.Debug|Any CPU.ActiveCfg = Debug|Any CPU
		{CBC37C57-B8D9-49AC-999E-553B2DE2D58A}.Debug|Any CPU.Build.0 = Debug|Any CPU
		{CBC37C57-B8D9-49AC-999E-553B2DE2D58A}.Release|Any CPU.ActiveCfg = Release|Any CPU
		{CBC37C57-B8D9-49AC-999E-553B2DE2D58A}.Release|Any CPU.Build.0 = Release|Any CPU
	EndGlobalSection
EndGlobal
